
Microsoft Visual Studio Solution File, Format Version 12.00
# Visual Studio 15
VisualStudioVersion = 15.0.28010.2026
MinimumVisualStudioVersion = 10.0.40219.1
Project("{FAE04EC0-301F-11D3-BF4B-00C04F79EFBC}") = "Benchmarks", "Benchmarks\Benchmarks.csproj", "{A7A5FBAF-220E-4248-B106-BD393D21559A}"
EndProject
Project("{FAE04EC0-301F-11D3-BF4B-00C04F79EFBC}") = "Tuples", "Tuples\Tuples.csproj", "{75BCEEB1-FC14-454C-A221-39B2BDB4992A}"
EndProject
Project("{FAE04EC0-301F-11D3-BF4B-00C04F79EFBC}") = "Simd", "Simd\Simd.csproj", "{274A417B-B94A-41C4-AF53-B79C111A2A37}"
EndProject
Project("{FAE04EC0-301F-11D3-BF4B-00C04F79EFBC}") = "NUnitAndMoq", "NUnitAndMoq\NUnitAndMoq.csproj", "{762F8398-97CA-4A72-A0C2-4DFD09E93E79}"
EndProject
Project("{FAE04EC0-301F-11D3-BF4B-00C04F79EFBC}") = "ProfileOptimization", "ProfileOptimization\ProfileOptimization.csproj", "{721420E5-6EEA-44AA-A340-606D51FE3E0A}"
EndProject
Project("{FAE04EC0-301F-11D3-BF4B-00C04F79EFBC}") = "Io.Abstractions", "Io.Abstractions\Io.Abstractions.csproj", "{BDACC119-325C-4E50-9C8F-0C42D1812670}"
EndProject
Project("{FAE04EC0-301F-11D3-BF4B-00C04F79EFBC}") = "BenchmarksCore", "BenchmarksCore\BenchmarksCore.csproj", "{A04A3681-09AF-484E-90D4-068698FCB0A8}"
EndProject
Global
	GlobalSection(SolutionConfigurationPlatforms) = preSolution
		Debug|Any CPU = Debug|Any CPU
		Debug|x64 = Debug|x64
		Release|Any CPU = Release|Any CPU
		Release|x64 = Release|x64
	EndGlobalSection
	GlobalSection(ProjectConfigurationPlatforms) = postSolution
		{A7A5FBAF-220E-4248-B106-BD393D21559A}.Debug|Any CPU.ActiveCfg = Debug|Any CPU
		{A7A5FBAF-220E-4248-B106-BD393D21559A}.Debug|Any CPU.Build.0 = Debug|Any CPU
		{A7A5FBAF-220E-4248-B106-BD393D21559A}.Debug|x64.ActiveCfg = Debug|x64
		{A7A5FBAF-220E-4248-B106-BD393D21559A}.Debug|x64.Build.0 = Debug|x64
		{A7A5FBAF-220E-4248-B106-BD393D21559A}.Release|Any CPU.ActiveCfg = Release|Any CPU
		{A7A5FBAF-220E-4248-B106-BD393D21559A}.Release|Any CPU.Build.0 = Release|Any CPU
		{A7A5FBAF-220E-4248-B106-BD393D21559A}.Release|x64.ActiveCfg = Release|x64
		{A7A5FBAF-220E-4248-B106-BD393D21559A}.Release|x64.Build.0 = Release|x64
		{75BCEEB1-FC14-454C-A221-39B2BDB4992A}.Debug|Any CPU.ActiveCfg = Debug|Any CPU
		{75BCEEB1-FC14-454C-A221-39B2BDB4992A}.Debug|Any CPU.Build.0 = Debug|Any CPU
		{75BCEEB1-FC14-454C-A221-39B2BDB4992A}.Debug|x64.ActiveCfg = Debug|Any CPU
		{75BCEEB1-FC14-454C-A221-39B2BDB4992A}.Debug|x64.Build.0 = Debug|Any CPU
		{75BCEEB1-FC14-454C-A221-39B2BDB4992A}.Release|Any CPU.ActiveCfg = Release|Any CPU
		{75BCEEB1-FC14-454C-A221-39B2BDB4992A}.Release|Any CPU.Build.0 = Release|Any CPU
		{75BCEEB1-FC14-454C-A221-39B2BDB4992A}.Release|x64.ActiveCfg = Release|Any CPU
		{75BCEEB1-FC14-454C-A221-39B2BDB4992A}.Release|x64.Build.0 = Release|Any CPU
		{274A417B-B94A-41C4-AF53-B79C111A2A37}.Debug|Any CPU.ActiveCfg = Debug|Any CPU
		{274A417B-B94A-41C4-AF53-B79C111A2A37}.Debug|Any CPU.Build.0 = Debug|Any CPU
		{274A417B-B94A-41C4-AF53-B79C111A2A37}.Debug|x64.ActiveCfg = Debug|Any CPU
		{274A417B-B94A-41C4-AF53-B79C111A2A37}.Debug|x64.Build.0 = Debug|Any CPU
		{274A417B-B94A-41C4-AF53-B79C111A2A37}.Release|Any CPU.ActiveCfg = Release|Any CPU
		{274A417B-B94A-41C4-AF53-B79C111A2A37}.Release|Any CPU.Build.0 = Release|Any CPU
		{274A417B-B94A-41C4-AF53-B79C111A2A37}.Release|x64.ActiveCfg = Release|Any CPU
		{274A417B-B94A-41C4-AF53-B79C111A2A37}.Release|x64.Build.0 = Release|Any CPU
		{762F8398-97CA-4A72-A0C2-4DFD09E93E79}.Debug|Any CPU.ActiveCfg = Debug|Any CPU
		{762F8398-97CA-4A72-A0C2-4DFD09E93E79}.Debug|Any CPU.Build.0 = Debug|Any CPU
		{762F8398-97CA-4A72-A0C2-4DFD09E93E79}.Debug|x64.ActiveCfg = Debug|Any CPU
		{762F8398-97CA-4A72-A0C2-4DFD09E93E79}.Debug|x64.Build.0 = Debug|Any CPU
		{762F8398-97CA-4A72-A0C2-4DFD09E93E79}.Release|Any CPU.ActiveCfg = Release|Any CPU
		{762F8398-97CA-4A72-A0C2-4DFD09E93E79}.Release|Any CPU.Build.0 = Release|Any CPU
		{762F8398-97CA-4A72-A0C2-4DFD09E93E79}.Release|x64.ActiveCfg = Release|Any CPU
		{762F8398-97CA-4A72-A0C2-4DFD09E93E79}.Release|x64.Build.0 = Release|Any CPU
		{721420E5-6EEA-44AA-A340-606D51FE3E0A}.Debug|Any CPU.ActiveCfg = Debug|Any CPU
		{721420E5-6EEA-44AA-A340-606D51FE3E0A}.Debug|Any CPU.Build.0 = Debug|Any CPU
		{721420E5-6EEA-44AA-A340-606D51FE3E0A}.Debug|x64.ActiveCfg = Debug|Any CPU
		{721420E5-6EEA-44AA-A340-606D51FE3E0A}.Debug|x64.Build.0 = Debug|Any CPU
		{721420E5-6EEA-44AA-A340-606D51FE3E0A}.Release|Any CPU.ActiveCfg = Release|Any CPU
		{721420E5-6EEA-44AA-A340-606D51FE3E0A}.Release|Any CPU.Build.0 = Release|Any CPU
		{721420E5-6EEA-44AA-A340-606D51FE3E0A}.Release|x64.ActiveCfg = Release|Any CPU
		{721420E5-6EEA-44AA-A340-606D51FE3E0A}.Release|x64.Build.0 = Release|Any CPU
		{BDACC119-325C-4E50-9C8F-0C42D1812670}.Debug|Any CPU.ActiveCfg = Debug|Any CPU
		{BDACC119-325C-4E50-9C8F-0C42D1812670}.Debug|Any CPU.Build.0 = Debug|Any CPU
		{BDACC119-325C-4E50-9C8F-0C42D1812670}.Debug|x64.ActiveCfg = Debug|Any CPU
		{BDACC119-325C-4E50-9C8F-0C42D1812670}.Debug|x64.Build.0 = Debug|Any CPU
		{BDACC119-325C-4E50-9C8F-0C42D1812670}.Release|Any CPU.ActiveCfg = Release|Any CPU
		{BDACC119-325C-4E50-9C8F-0C42D1812670}.Release|Any CPU.Build.0 = Release|Any CPU
		{BDACC119-325C-4E50-9C8F-0C42D1812670}.Release|x64.ActiveCfg = Release|Any CPU
		{BDACC119-325C-4E50-9C8F-0C42D1812670}.Release|x64.Build.0 = Release|Any CPU
		{A04A3681-09AF-484E-90D4-068698FCB0A8}.Debug|Any CPU.ActiveCfg = Debug|Any CPU
		{A04A3681-09AF-484E-90D4-068698FCB0A8}.Debug|Any CPU.Build.0 = Debug|Any CPU
		{A04A3681-09AF-484E-90D4-068698FCB0A8}.Debug|x64.ActiveCfg = Debug|Any CPU
		{A04A3681-09AF-484E-90D4-068698FCB0A8}.Debug|x64.Build.0 = Debug|Any CPU
		{A04A3681-09AF-484E-90D4-068698FCB0A8}.Release|Any CPU.ActiveCfg = Release|Any CPU
		{A04A3681-09AF-484E-90D4-068698FCB0A8}.Release|Any CPU.Build.0 = Release|Any CPU
		{A04A3681-09AF-484E-90D4-068698FCB0A8}.Release|x64.ActiveCfg = Release|Any CPU
		{A04A3681-09AF-484E-90D4-068698FCB0A8}.Release|x64.Build.0 = Release|Any CPU
	EndGlobalSection
	GlobalSection(SolutionProperties) = preSolution
		HideSolutionNode = FALSE
	EndGlobalSection
	GlobalSection(ExtensibilityGlobals) = postSolution
		SolutionGuid = {99FEF8A3-C582-44F6-A325-57A46BBCF562}
	EndGlobalSection
EndGlobal
