
Microsoft Visual Studio Solution File, Format Version 12.00
# Visual Studio Version 17
VisualStudioVersion = 17.13.35617.110
MinimumVisualStudioVersion = 10.0.40219.1
Project("{9A19103F-16F7-4668-BE54-9A1E7A4F7556}") = "Benchmarks", "Benchmarks\Benchmarks.csproj", "{A7A5FBAF-220E-4248-B106-BD393D21559A}"
EndProject
Project("{9A19103F-16F7-4668-BE54-9A1E7A4F7556}") = "Tuples", "Tuples\Tuples.csproj", "{75BCEEB1-FC14-454C-A221-39B2BDB4992A}"
EndProject
Project("{9A19103F-16F7-4668-BE54-9A1E7A4F7556}") = "Simd", "Simd\Simd.csproj", "{274A417B-B94A-41C4-AF53-B79C111A2A37}"
EndProject
Project("{9A19103F-16F7-4668-BE54-9A1E7A4F7556}") = "Io.Abstractions", "Io.Abstractions\Io.Abstractions.csproj", "{BDACC119-325C-4E50-9C8F-0C42D1812670}"
EndProject
Project("{9A19103F-16F7-4668-BE54-9A1E7A4F7556}") = "FsCheckExamples", "FsCheck\FsCheckExamples.csproj", "{AAE0E047-EF23-4EFA-B6A8-802F429F4629}"
EndProject
Project("{2150E333-8FDC-42A3-9474-1A3956D46DE8}") = "Unit tests", "Unit tests", "{79F73DE9-16DC-4B2F-ABE4-F0A45C32BB5F}"
EndProject
Project("{9A19103F-16F7-4668-BE54-9A1E7A4F7556}") = "LightBDD", "LightBDD\LightBDD.csproj", "{9208D8E7-1A51-4B76-A192-33917E1B9EC8}"
EndProject
Project("{9A19103F-16F7-4668-BE54-9A1E7A4F7556}") = "Polly.Tests", "Polly.Tests\Polly.Tests.csproj", "{E87FFE52-F621-4393-8133-630FC57F1C21}"
EndProject
Project("{FAE04EC0-301F-11D3-BF4B-00C04F79EFBC}") = "Verify.Tests", "Verify.Tests\Verify.Tests.csproj", "{3F8F0623-7C23-4993-B20F-E3A5EB1B36BE}"
EndProject
Global
	GlobalSection(SolutionConfigurationPlatforms) = preSolution
		Debug|Any CPU = Debug|Any CPU
		Debug|x64 = Debug|x64
		Release|Any CPU = Release|Any CPU
		Release|x64 = Release|x64
	EndGlobalSection
	GlobalSection(ProjectConfigurationPlatforms) = postSolution
		{A7A5FBAF-220E-4248-B106-BD393D21559A}.Debug|Any CPU.ActiveCfg = Debug|Any CPU
		{A7A5FBAF-220E-4248-B106-BD393D21559A}.Debug|Any CPU.Build.0 = Debug|Any CPU
		{A7A5FBAF-220E-4248-B106-BD393D21559A}.Debug|x64.ActiveCfg = Debug|Any CPU
		{A7A5FBAF-220E-4248-B106-BD393D21559A}.Debug|x64.Build.0 = Debug|Any CPU
		{A7A5FBAF-220E-4248-B106-BD393D21559A}.Release|Any CPU.ActiveCfg = Release|Any CPU
		{A7A5FBAF-220E-4248-B106-BD393D21559A}.Release|Any CPU.Build.0 = Release|Any CPU
		{A7A5FBAF-220E-4248-B106-BD393D21559A}.Release|x64.ActiveCfg = Release|Any CPU
		{A7A5FBAF-220E-4248-B106-BD393D21559A}.Release|x64.Build.0 = Release|Any CPU
		{75BCEEB1-FC14-454C-A221-39B2BDB4992A}.Debug|Any CPU.ActiveCfg = Debug|Any CPU
		{75BCEEB1-FC14-454C-A221-39B2BDB4992A}.Debug|Any CPU.Build.0 = Debug|Any CPU
		{75BCEEB1-FC14-454C-A221-39B2BDB4992A}.Debug|x64.ActiveCfg = Debug|Any CPU
		{75BCEEB1-FC14-454C-A221-39B2BDB4992A}.Debug|x64.Build.0 = Debug|Any CPU
		{75BCEEB1-FC14-454C-A221-39B2BDB4992A}.Release|Any CPU.ActiveCfg = Release|Any CPU
		{75BCEEB1-FC14-454C-A221-39B2BDB4992A}.Release|Any CPU.Build.0 = Release|Any CPU
		{75BCEEB1-FC14-454C-A221-39B2BDB4992A}.Release|x64.ActiveCfg = Release|Any CPU
		{75BCEEB1-FC14-454C-A221-39B2BDB4992A}.Release|x64.Build.0 = Release|Any CPU
		{274A417B-B94A-41C4-AF53-B79C111A2A37}.Debug|Any CPU.ActiveCfg = Debug|Any CPU
		{274A417B-B94A-41C4-AF53-B79C111A2A37}.Debug|Any CPU.Build.0 = Debug|Any CPU
		{274A417B-B94A-41C4-AF53-B79C111A2A37}.Debug|x64.ActiveCfg = Debug|Any CPU
		{274A417B-B94A-41C4-AF53-B79C111A2A37}.Debug|x64.Build.0 = Debug|Any CPU
		{274A417B-B94A-41C4-AF53-B79C111A2A37}.Release|Any CPU.ActiveCfg = Release|Any CPU
		{274A417B-B94A-41C4-AF53-B79C111A2A37}.Release|Any CPU.Build.0 = Release|Any CPU
		{274A417B-B94A-41C4-AF53-B79C111A2A37}.Release|x64.ActiveCfg = Release|Any CPU
		{274A417B-B94A-41C4-AF53-B79C111A2A37}.Release|x64.Build.0 = Release|Any CPU
		{BDACC119-325C-4E50-9C8F-0C42D1812670}.Debug|Any CPU.ActiveCfg = Debug|Any CPU
		{BDACC119-325C-4E50-9C8F-0C42D1812670}.Debug|Any CPU.Build.0 = Debug|Any CPU
		{BDACC119-325C-4E50-9C8F-0C42D1812670}.Debug|x64.ActiveCfg = Debug|Any CPU
		{BDACC119-325C-4E50-9C8F-0C42D1812670}.Debug|x64.Build.0 = Debug|Any CPU
		{BDACC119-325C-4E50-9C8F-0C42D1812670}.Release|Any CPU.ActiveCfg = Release|Any CPU
		{BDACC119-325C-4E50-9C8F-0C42D1812670}.Release|Any CPU.Build.0 = Release|Any CPU
		{BDACC119-325C-4E50-9C8F-0C42D1812670}.Release|x64.ActiveCfg = Release|Any CPU
		{BDACC119-325C-4E50-9C8F-0C42D1812670}.Release|x64.Build.0 = Release|Any CPU
		{AAE0E047-EF23-4EFA-B6A8-802F429F4629}.Debug|Any CPU.ActiveCfg = Debug|Any CPU
		{AAE0E047-EF23-4EFA-B6A8-802F429F4629}.Debug|Any CPU.Build.0 = Debug|Any CPU
		{AAE0E047-EF23-4EFA-B6A8-802F429F4629}.Debug|x64.ActiveCfg = Debug|Any CPU
		{AAE0E047-EF23-4EFA-B6A8-802F429F4629}.Debug|x64.Build.0 = Debug|Any CPU
		{AAE0E047-EF23-4EFA-B6A8-802F429F4629}.Release|Any CPU.ActiveCfg = Release|Any CPU
		{AAE0E047-EF23-4EFA-B6A8-802F429F4629}.Release|Any CPU.Build.0 = Release|Any CPU
		{AAE0E047-EF23-4EFA-B6A8-802F429F4629}.Release|x64.ActiveCfg = Release|Any CPU
		{AAE0E047-EF23-4EFA-B6A8-802F429F4629}.Release|x64.Build.0 = Release|Any CPU
		{9208D8E7-1A51-4B76-A192-33917E1B9EC8}.Debug|Any CPU.ActiveCfg = Debug|Any CPU
		{9208D8E7-1A51-4B76-A192-33917E1B9EC8}.Debug|Any CPU.Build.0 = Debug|Any CPU
		{9208D8E7-1A51-4B76-A192-33917E1B9EC8}.Debug|x64.ActiveCfg = Debug|Any CPU
		{9208D8E7-1A51-4B76-A192-33917E1B9EC8}.Debug|x64.Build.0 = Debug|Any CPU
		{9208D8E7-1A51-4B76-A192-33917E1B9EC8}.Release|Any CPU.ActiveCfg = Release|Any CPU
		{9208D8E7-1A51-4B76-A192-33917E1B9EC8}.Release|Any CPU.Build.0 = Release|Any CPU
		{9208D8E7-1A51-4B76-A192-33917E1B9EC8}.Release|x64.ActiveCfg = Release|Any CPU
		{9208D8E7-1A51-4B76-A192-33917E1B9EC8}.Release|x64.Build.0 = Release|Any CPU
		{E87FFE52-F621-4393-8133-630FC57F1C21}.Debug|Any CPU.ActiveCfg = Debug|Any CPU
		{E87FFE52-F621-4393-8133-630FC57F1C21}.Debug|Any CPU.Build.0 = Debug|Any CPU
		{E87FFE52-F621-4393-8133-630FC57F1C21}.Debug|x64.ActiveCfg = Debug|Any CPU
		{E87FFE52-F621-4393-8133-630FC57F1C21}.Debug|x64.Build.0 = Debug|Any CPU
		{E87FFE52-F621-4393-8133-630FC57F1C21}.Release|Any CPU.ActiveCfg = Release|Any CPU
		{E87FFE52-F621-4393-8133-630FC57F1C21}.Release|Any CPU.Build.0 = Release|Any CPU
		{E87FFE52-F621-4393-8133-630FC57F1C21}.Release|x64.ActiveCfg = Release|Any CPU
		{E87FFE52-F621-4393-8133-630FC57F1C21}.Release|x64.Build.0 = Release|Any CPU
		{3F8F0623-7C23-4993-B20F-E3A5EB1B36BE}.Debug|Any CPU.ActiveCfg = Debug|Any CPU
		{3F8F0623-7C23-4993-B20F-E3A5EB1B36BE}.Debug|Any CPU.Build.0 = Debug|Any CPU
		{3F8F0623-7C23-4993-B20F-E3A5EB1B36BE}.Debug|x64.ActiveCfg = Debug|Any CPU
		{3F8F0623-7C23-4993-B20F-E3A5EB1B36BE}.Debug|x64.Build.0 = Debug|Any CPU
		{3F8F0623-7C23-4993-B20F-E3A5EB1B36BE}.Release|Any CPU.ActiveCfg = Release|Any CPU
		{3F8F0623-7C23-4993-B20F-E3A5EB1B36BE}.Release|Any CPU.Build.0 = Release|Any CPU
		{3F8F0623-7C23-4993-B20F-E3A5EB1B36BE}.Release|x64.ActiveCfg = Release|Any CPU
		{3F8F0623-7C23-4993-B20F-E3A5EB1B36BE}.Release|x64.Build.0 = Release|Any CPU
	EndGlobalSection
	GlobalSection(SolutionProperties) = preSolution
		HideSolutionNode = FALSE
	EndGlobalSection
	GlobalSection(NestedProjects) = preSolution
		{BDACC119-325C-4E50-9C8F-0C42D1812670} = {79F73DE9-16DC-4B2F-ABE4-F0A45C32BB5F}
		{AAE0E047-EF23-4EFA-B6A8-802F429F4629} = {79F73DE9-16DC-4B2F-ABE4-F0A45C32BB5F}
		{9208D8E7-1A51-4B76-A192-33917E1B9EC8} = {79F73DE9-16DC-4B2F-ABE4-F0A45C32BB5F}
		{E87FFE52-F621-4393-8133-630FC57F1C21} = {79F73DE9-16DC-4B2F-ABE4-F0A45C32BB5F}
		{3F8F0623-7C23-4993-B20F-E3A5EB1B36BE} = {79F73DE9-16DC-4B2F-ABE4-F0A45C32BB5F}
	EndGlobalSection
	GlobalSection(ExtensibilityGlobals) = postSolution
		SolutionGuid = {99FEF8A3-C582-44F6-A325-57A46BBCF562}
	EndGlobalSection
EndGlobal
